
Microsoft Visual Studio Solution File, Format Version 12.00
# Visual Studio Version 17
VisualStudioVersion = 17.14.36511.14 d17.14
MinimumVisualStudioVersion = 10.0.40219.1
Project("{FAE04EC0-301F-11D3-BF4B-00C04F79EFBC}") = "latihan while jumlah total 1-5", "latihan while jumlah total 1-5\latihan while jumlah total 1-5.csproj", "{99322A40-3C90-4C1A-9567-BE4B73E830A1}"
EndProject
Global
	GlobalSection(SolutionConfigurationPlatforms) = preSolution
		Debug|Any CPU = Debug|Any CPU
		Release|Any CPU = Release|Any CPU
	EndGlobalSection
	GlobalSection(ProjectConfigurationPlatforms) = postSolution
		{99322A40-3C90-4C1A-9567-BE4B73E830A1}.Debug|Any CPU.ActiveCfg = Debug|Any CPU
		{99322A40-3C90-4C1A-9567-BE4B73E830A1}.Debug|Any CPU.Build.0 = Debug|Any CPU
		{99322A40-3C90-4C1A-9567-BE4B73E830A1}.Release|Any CPU.ActiveCfg = Release|Any CPU
		{99322A40-3C90-4C1A-9567-BE4B73E830A1}.Release|Any CPU.Build.0 = Release|Any CPU
	EndGlobalSection
	GlobalSection(SolutionProperties) = preSolution
		HideSolutionNode = FALSE
	EndGlobalSection
	GlobalSection(ExtensibilityGlobals) = postSolution
		SolutionGuid = {FC78B963-03F1-400C-A316-3EA5E71217D1}
	EndGlobalSection
EndGlobal
